
Microsoft Visual Studio Solution File, Format Version 12.00
# Visual Studio Version 17
VisualStudioVersion = 17.14.36616.10 d17.14
MinimumVisualStudioVersion = 10.0.40219.1
Project("{8BC9CEB8-8B4A-11D0-8D11-00A0C91BC942}") = "Programming", "Programming\Programming.vcxproj", "{4FED3AD1-F1F3-4173-BF2B-3182C5871F05}"
EndProject
Global
	GlobalSection(SolutionConfigurationPlatforms) = preSolution
		Debug|x64 = Debug|x64
		Debug|x86 = Debug|x86
		Release|x64 = Release|x64
		Release|x86 = Release|x86
	EndGlobalSection
	GlobalSection(ProjectConfigurationPlatforms) = postSolution
		{4FED3AD1-F1F3-4173-BF2B-3182C5871F05}.Debug|x64.ActiveCfg = Debug|x64
		{4FED3AD1-F1F3-4173-BF2B-3182C5871F05}.Debug|x64.Build.0 = Debug|x64
		{4FED3AD1-F1F3-4173-BF2B-3182C5871F05}.Debug|x86.ActiveCfg = Debug|Win32
		{4FED3AD1-F1F3-4173-BF2B-3182C5871F05}.Debug|x86.Build.0 = Debug|Win32
		{4FED3AD1-F1F3-4173-BF2B-3182C5871F05}.Release|x64.ActiveCfg = Release|x64
		{4FED3AD1-F1F3-4173-BF2B-3182C5871F05}.Release|x64.Build.0 = Release|x64
		{4FED3AD1-F1F3-4173-BF2B-3182C5871F05}.Release|x86.ActiveCfg = Release|Win32
		{4FED3AD1-F1F3-4173-BF2B-3182C5871F05}.Release|x86.Build.0 = Release|Win32
	EndGlobalSection
	GlobalSection(SolutionProperties) = preSolution
		HideSolutionNode = FALSE
	EndGlobalSection
	GlobalSection(ExtensibilityGlobals) = postSolution
		SolutionGuid = {E017FC1F-576A-4BBD-A6A2-E0292B45956C}
	EndGlobalSection
EndGlobal
